
Microsoft Visual Studio Solution File, Format Version 12.00
# Visual Studio 15
VisualStudioVersion = 15.0.28307.645
MinimumVisualStudioVersion = 10.0.40219.1
Project("{FAE04EC0-301F-11D3-BF4B-00C04F79EFBC}") = "HW 7 task 2", "HW 7 task 2\HW 7 task 2.csproj", "{9CBA6B18-C57A-40E0-93F8-AD030A326764}"
EndProject
Global
	GlobalSection(SolutionConfigurationPlatforms) = preSolution
		Debug|Any CPU = Debug|Any CPU
		Release|Any CPU = Release|Any CPU
	EndGlobalSection
	GlobalSection(ProjectConfigurationPlatforms) = postSolution
		{9CBA6B18-C57A-40E0-93F8-AD030A326764}.Debug|Any CPU.ActiveCfg = Debug|Any CPU
		{9CBA6B18-C57A-40E0-93F8-AD030A326764}.Debug|Any CPU.Build.0 = Debug|Any CPU
		{9CBA6B18-C57A-40E0-93F8-AD030A326764}.Release|Any CPU.ActiveCfg = Release|Any CPU
		{9CBA6B18-C57A-40E0-93F8-AD030A326764}.Release|Any CPU.Build.0 = Release|Any CPU
	EndGlobalSection
	GlobalSection(SolutionProperties) = preSolution
		HideSolutionNode = FALSE
	EndGlobalSection
	GlobalSection(ExtensibilityGlobals) = postSolution
		SolutionGuid = {9995FAB2-586A-47DF-867A-F2F6732D0C12}
	EndGlobalSection
EndGlobal
